# This file is autogenerated, do not edit; changes may be undone by the next 'dep ensure'.


[[projects]]
  branch = "master"
  digest = "1:6716c9fe6333591128e72848f246fc01dc72240e1e64185d8b4e124e7280b35d"
  name = "github.com/AndreasBriese/bbloom"
  packages = ["."]
  pruneopts = "UT"
  revision = "e2d15f34fcf99d5dbb871c820ec73f710fca9815"

[[projects]]
  digest = "1:21ac9938fb1098b3a7b0dd909fb30878d33231177fac11a2821114eb9c1088ff"
  name = "github.com/dgraph-io/badger"
  packages = [
    ".",
    "options",
    "protos",
    "skl",
    "table",
    "y",
  ]
  pruneopts = "UT"
  revision = "391b6d3b93e6014fe8c2971fcc0c1266e47dbbd9"
  version = "v1.5.3"

[[projects]]
  branch = "master"
  digest = "1:6e8109ce247a59ab1eeb5330166c12735f6590de99c9647b6162d11518d32c9a"
  name = "github.com/dgryski/go-farm"
  packages = ["."]
  pruneopts = "UT"
  revision = "6a90982ecee230ff6cba02d5bd386acc030be9d3"

[[projects]]
  digest = "1:ec6f9bf5e274c833c911923c9193867f3f18788c461f76f05f62bb1510e0ae65"
  name = "github.com/go-sql-driver/mysql"
  packages = ["."]
  pruneopts = "UT"
  revision = "72cd26f257d44c1114970e19afddcd812016007e"
  version = "v1.4.1"

[[projects]]
  digest = "1:318f1c959a8a740366fce4b1e1eb2fd914036b4af58fbd0a003349b305f118ad"
  name = "github.com/golang/protobuf"
  packages = ["proto"]
  pruneopts = "UT"
  revision = "b5d812f8a3706043e23a9cd5babf2e5423744d30"
  version = "v1.3.1"

[[projects]]
  branch = "master"
  digest = "1:ae08d850ba158ea3ba4a7bb90f8372608172d8920644e5a6693b940a1f4e5d01"
  name = "github.com/mmcloughlin/avo"
  packages = [
    "attr",
    "build",
    "buildtags",
    "gotypes",
    "internal/prnt",
    "internal/stack",
    "ir",
    "operand",
    "pass",
    "printer",
    "reg",
    "src",
    "x86",
  ]
  pruneopts = "UT"
  revision = "2e7d06bc7ada2979f17ccf8ebf486dba23b84fc7"

[[projects]]
  digest = "1:cf31692c14422fa27c83a05292eb5cbe0fb2775972e8f1f8446a71549bd8980b"
  name = "github.com/pkg/errors"
  packages = ["."]
  pruneopts = "UT"
  revision = "ba968bfe8b2f7e042a574c888954fccecfa385b4"
  version = "v0.8.1"

[[projects]]
  branch = "master"
  digest = "1:4d1f0640875aefefdb2151f297c144518a71f5729c4b9f9423f09df501f699c5"
  name = "github.com/smallstep/assert"
  packages = ["."]
  pruneopts = "UT"
  revision = "de77670473b5492f5d0bce155b5c01534c2d13f7"

[[projects]]
  digest = "1:5f7414cf41466d4b4dd7ec52b2cd3e481e08cfd11e7e24fef730c0e483e88bb1"
  name = "go.etcd.io/bbolt"
  packages = ["."]
  pruneopts = "UT"
  revision = "63597a96ec0ad9e6d43c3fc81e809909e0237461"
  version = "v1.3.2"

[[projects]]
  branch = "master"
  digest = "1:e0efd295a10a5703f556a97b7f90f9b3a02ee5080b26ee5374d100a6131aea68"
  name = "golang.org/x/net"
  packages = [
    "internal/timeseries",
    "trace",
  ]
  pruneopts = "UT"
  revision = "4829fb13d2c62012c17688fa7f629f371014946d"

[[projects]]
  branch = "master"
  digest = "1:41aaf393ca0e2fa523e428b29f58fbc9a4bc9f975da5b9b1cac7cef1436a7b53"
  name = "golang.org/x/sys"
  packages = ["unix"]
  pruneopts = "UT"
  revision = "18eb32c0e2f0c2bc8d17842ed4ad41486f349ad4"

[[projects]]
  branch = "master"
  digest = "1:f5ce0b59aeb99ebb725de7b7a35483600e5f119b4daf081e88329322a2de95bc"
  name = "golang.org/x/tools"
  packages = [
    "go/ast/astutil",
    "go/gcexportdata",
    "go/internal/gcimporter",
    "go/internal/packagesdriver",
    "go/packages",
    "go/types/typeutil",
    "internal/fastwalk",
    "internal/gopathwalk",
    "internal/semver",
  ]
  pruneopts = "UT"
  revision = "1e8e1cfdf96bc4cba93fa2cb4a081be14622d2bd"

[[projects]]
  digest = "1:c25289f43ac4a68d88b02245742347c94f1e108c534dda442188015ff80669b3"
  name = "google.golang.org/appengine"
  packages = ["cloudsql"]
  pruneopts = "UT"
  revision = "54a98f90d1c46b7731eb8fb305d2a321c30ef610"
  version = "v1.5.0"

[solve-meta]
  analyzer-name = "dep"
  analyzer-version = 1
  input-imports = [
    "github.com/dgraph-io/badger",
    "github.com/go-sql-driver/mysql",
    "github.com/pkg/errors",
    "github.com/smallstep/assert",
    "go.etcd.io/bbolt",
  ]
  solver-name = "gps-cdcl"
  solver-version = 1
